
Microsoft Visual Studio Solution File, Format Version 12.00
# Visual Studio Version 16
VisualStudioVersion = 16.0.31624.102
MinimumVisualStudioVersion = 10.0.40219.1
Project("{FAE04EC0-301F-11D3-BF4B-00C04F79EFBC}") = "WebApplication1", "WebApplication1.csproj", "{8F632402-3DEC-4F2A-99E1-4D2E144842F3}"
EndProject
Global
	GlobalSection(SolutionConfigurationPlatforms) = preSolution
		Debug|Any CPU = Debug|Any CPU
		Release|Any CPU = Release|Any CPU
	EndGlobalSection
	GlobalSection(ProjectConfigurationPlatforms) = postSolution
		{8F632402-3DEC-4F2A-99E1-4D2E144842F3}.Debug|Any CPU.ActiveCfg = Debug|Any CPU
		{8F632402-3DEC-4F2A-99E1-4D2E144842F3}.Debug|Any CPU.Build.0 = Debug|Any CPU
		{8F632402-3DEC-4F2A-99E1-4D2E144842F3}.Release|Any CPU.ActiveCfg = Release|Any CPU
		{8F632402-3DEC-4F2A-99E1-4D2E144842F3}.Release|Any CPU.Build.0 = Release|Any CPU
	EndGlobalSection
	GlobalSection(SolutionProperties) = preSolution
		HideSolutionNode = FALSE
	EndGlobalSection
	GlobalSection(ExtensibilityGlobals) = postSolution
		SolutionGuid = {BED300A9-C74A-48DA-BD5B-F53F293E3416}
	EndGlobalSection
EndGlobal
